
Microsoft Visual Studio Solution File, Format Version 12.00
# Visual Studio Version 16
VisualStudioVersion = 16.0.31005.135
MinimumVisualStudioVersion = 10.0.40219.1
Project("{FAE04EC0-301F-11D3-BF4B-00C04F79EFBC}") = "DataAccess", "DataAccess\DataAccess.csproj", "{F790CFC5-21F6-44FA-966C-D675511FEFFB}"
EndProject
Project("{FAE04EC0-301F-11D3-BF4B-00C04F79EFBC}") = "Business", "Business\Business.csproj", "{FC3EAC67-2CAC-4DF4-8F41-1396259707B4}"
EndProject
Project("{FAE04EC0-301F-11D3-BF4B-00C04F79EFBC}") = "Entities", "Entities\Entities.csproj", "{91F4CD8D-CAE2-466A-B3CF-2D229CA0976B}"
EndProject
Project("{FAE04EC0-301F-11D3-BF4B-00C04F79EFBC}") = "ConsoleUI", "ConsoleUI\ConsoleUI.csproj", "{96DDDEA8-1120-4DA8-A7F6-9FA9F6CC9E9D}"
EndProject
Project("{FAE04EC0-301F-11D3-BF4B-00C04F79EFBC}") = "Core", "Core\Core.csproj", "{189AEEAA-CF7F-43FD-983D-CFB9A6D4D391}"
EndProject
Global
	GlobalSection(SolutionConfigurationPlatforms) = preSolution
		Debug|Any CPU = Debug|Any CPU
		Release|Any CPU = Release|Any CPU
	EndGlobalSection
	GlobalSection(ProjectConfigurationPlatforms) = postSolution
		{F790CFC5-21F6-44FA-966C-D675511FEFFB}.Debug|Any CPU.ActiveCfg = Debug|Any CPU
		{F790CFC5-21F6-44FA-966C-D675511FEFFB}.Debug|Any CPU.Build.0 = Debug|Any CPU
		{F790CFC5-21F6-44FA-966C-D675511FEFFB}.Release|Any CPU.ActiveCfg = Release|Any CPU
		{F790CFC5-21F6-44FA-966C-D675511FEFFB}.Release|Any CPU.Build.0 = Release|Any CPU
		{FC3EAC67-2CAC-4DF4-8F41-1396259707B4}.Debug|Any CPU.ActiveCfg = Debug|Any CPU
		{FC3EAC67-2CAC-4DF4-8F41-1396259707B4}.Debug|Any CPU.Build.0 = Debug|Any CPU
		{FC3EAC67-2CAC-4DF4-8F41-1396259707B4}.Release|Any CPU.ActiveCfg = Release|Any CPU
		{FC3EAC67-2CAC-4DF4-8F41-1396259707B4}.Release|Any CPU.Build.0 = Release|Any CPU
		{91F4CD8D-CAE2-466A-B3CF-2D229CA0976B}.Debug|Any CPU.ActiveCfg = Debug|Any CPU
		{91F4CD8D-CAE2-466A-B3CF-2D229CA0976B}.Debug|Any CPU.Build.0 = Debug|Any CPU
		{91F4CD8D-CAE2-466A-B3CF-2D229CA0976B}.Release|Any CPU.ActiveCfg = Release|Any CPU
		{91F4CD8D-CAE2-466A-B3CF-2D229CA0976B}.Release|Any CPU.Build.0 = Release|Any CPU
		{96DDDEA8-1120-4DA8-A7F6-9FA9F6CC9E9D}.Debug|Any CPU.ActiveCfg = Debug|Any CPU
		{96DDDEA8-1120-4DA8-A7F6-9FA9F6CC9E9D}.Debug|Any CPU.Build.0 = Debug|Any CPU
		{96DDDEA8-1120-4DA8-A7F6-9FA9F6CC9E9D}.Release|Any CPU.ActiveCfg = Release|Any CPU
		{96DDDEA8-1120-4DA8-A7F6-9FA9F6CC9E9D}.Release|Any CPU.Build.0 = Release|Any CPU
		{189AEEAA-CF7F-43FD-983D-CFB9A6D4D391}.Debug|Any CPU.ActiveCfg = Debug|Any CPU
		{189AEEAA-CF7F-43FD-983D-CFB9A6D4D391}.Debug|Any CPU.Build.0 = Debug|Any CPU
		{189AEEAA-CF7F-43FD-983D-CFB9A6D4D391}.Release|Any CPU.ActiveCfg = Release|Any CPU
		{189AEEAA-CF7F-43FD-983D-CFB9A6D4D391}.Release|Any CPU.Build.0 = Release|Any CPU
	EndGlobalSection
	GlobalSection(SolutionProperties) = preSolution
		HideSolutionNode = FALSE
	EndGlobalSection
	GlobalSection(ExtensibilityGlobals) = postSolution
		SolutionGuid = {6AE5A124-3E74-47D5-B339-D0F6D2128CC3}
	EndGlobalSection
EndGlobal
